
Microsoft Visual Studio Solution File, Format Version 12.00
# Visual Studio Version 17
VisualStudioVersion = 17.4.33122.133
MinimumVisualStudioVersion = 10.0.40219.1
Project("{FAE04EC0-301F-11D3-BF4B-00C04F79EFBC}") = "WorkIT_Backend", "WorkIT_Backend\WorkIT_Backend.csproj", "{19612DF7-ABCC-4669-B7A9-B8F9C2428BC9}"
EndProject
Global
	GlobalSection(SolutionConfigurationPlatforms) = preSolution
		Debug|Any CPU = Debug|Any CPU
		Release|Any CPU = Release|Any CPU
	EndGlobalSection
	GlobalSection(ProjectConfigurationPlatforms) = postSolution
		{19612DF7-ABCC-4669-B7A9-B8F9C2428BC9}.Debug|Any CPU.ActiveCfg = Debug|Any CPU
		{19612DF7-ABCC-4669-B7A9-B8F9C2428BC9}.Debug|Any CPU.Build.0 = Debug|Any CPU
		{19612DF7-ABCC-4669-B7A9-B8F9C2428BC9}.Release|Any CPU.ActiveCfg = Release|Any CPU
		{19612DF7-ABCC-4669-B7A9-B8F9C2428BC9}.Release|Any CPU.Build.0 = Release|Any CPU
	EndGlobalSection
	GlobalSection(SolutionProperties) = preSolution
		HideSolutionNode = FALSE
	EndGlobalSection
	GlobalSection(ExtensibilityGlobals) = postSolution
		SolutionGuid = {0E873C9E-A137-4415-970F-5C4649BB7D30}
	EndGlobalSection
EndGlobal
